
Microsoft Visual Studio Solution File, Format Version 12.00
# Visual Studio 14
VisualStudioVersion = 14.0.22823.1
MinimumVisualStudioVersion = 10.0.40219.1
Project("{FAE04EC0-301F-11D3-BF4B-00C04F79EFBC}") = "BattleBards", "BattleBards\BattleBards.csproj", "{5FD2A7D8-9AA5-4A6B-BEA1-DF68FAE12495}"
EndProject
Project("{FAE04EC0-301F-11D3-BF4B-00C04F79EFBC}") = "BattleBards.Tests", "BattleBards.Tests\BattleBards.Tests.csproj", "{1BDED3CF-6109-4E14-A9EB-1807D1265360}"
EndProject
Global
	GlobalSection(SolutionConfigurationPlatforms) = preSolution
		Debug|Any CPU = Debug|Any CPU
		Release|Any CPU = Release|Any CPU
	EndGlobalSection
	GlobalSection(ProjectConfigurationPlatforms) = postSolution
		{5FD2A7D8-9AA5-4A6B-BEA1-DF68FAE12495}.Debug|Any CPU.ActiveCfg = Debug|Any CPU
		{5FD2A7D8-9AA5-4A6B-BEA1-DF68FAE12495}.Debug|Any CPU.Build.0 = Debug|Any CPU
		{5FD2A7D8-9AA5-4A6B-BEA1-DF68FAE12495}.Release|Any CPU.ActiveCfg = Release|Any CPU
		{5FD2A7D8-9AA5-4A6B-BEA1-DF68FAE12495}.Release|Any CPU.Build.0 = Release|Any CPU
		{1BDED3CF-6109-4E14-A9EB-1807D1265360}.Debug|Any CPU.ActiveCfg = Debug|Any CPU
		{1BDED3CF-6109-4E14-A9EB-1807D1265360}.Debug|Any CPU.Build.0 = Debug|Any CPU
		{1BDED3CF-6109-4E14-A9EB-1807D1265360}.Release|Any CPU.ActiveCfg = Release|Any CPU
		{1BDED3CF-6109-4E14-A9EB-1807D1265360}.Release|Any CPU.Build.0 = Release|Any CPU
	EndGlobalSection
	GlobalSection(SolutionProperties) = preSolution
		HideSolutionNode = FALSE
	EndGlobalSection
EndGlobal
